
Microsoft Visual Studio Solution File, Format Version 12.00
# Visual Studio Version 17
VisualStudioVersion = 17.14.36203.30 d17.14
MinimumVisualStudioVersion = 10.0.40219.1
Project("{FAE04EC0-301F-11D3-BF4B-00C04F79EFBC}") = "BlazorApp7", "BlazorApp7\BlazorApp7.csproj", "{3D6EAE5A-5146-457F-BF1A-6802B4F33761}"
EndProject
Global
	GlobalSection(SolutionConfigurationPlatforms) = preSolution
		Debug|Any CPU = Debug|Any CPU
		Release|Any CPU = Release|Any CPU
	EndGlobalSection
	GlobalSection(ProjectConfigurationPlatforms) = postSolution
		{3D6EAE5A-5146-457F-BF1A-6802B4F33761}.Debug|Any CPU.ActiveCfg = Debug|Any CPU
		{3D6EAE5A-5146-457F-BF1A-6802B4F33761}.Debug|Any CPU.Build.0 = Debug|Any CPU
		{3D6EAE5A-5146-457F-BF1A-6802B4F33761}.Release|Any CPU.ActiveCfg = Release|Any CPU
		{3D6EAE5A-5146-457F-BF1A-6802B4F33761}.Release|Any CPU.Build.0 = Release|Any CPU
	EndGlobalSection
	GlobalSection(SolutionProperties) = preSolution
		HideSolutionNode = FALSE
	EndGlobalSection
	GlobalSection(ExtensibilityGlobals) = postSolution
		SolutionGuid = {003481FA-018E-4605-A691-883F4C4E5548}
	EndGlobalSection
EndGlobal
